
Microsoft Visual Studio Solution File, Format Version 12.00
# Visual Studio 15
VisualStudioVersion = 15.0.28307.1927
MinimumVisualStudioVersion = 10.0.40219.1
Project("{8BC9CEB8-8B4A-11D0-8D11-00A0C91BC942}") = "NewProject", "NewProject\NewProject.vcxproj", "{CE602FCD-F96A-48CA-B86E-62CD6CB2947D}"
EndProject
Project("{8BC9CEB8-8B4A-11D0-8D11-00A0C91BC942}") = "NewProjectUTest", "NewProjectUTest\NewProjectUTest.vcxproj", "{4F4FEE1E-5204-402F-8500-898E06099902}"
EndProject
Global
	GlobalSection(SolutionConfigurationPlatforms) = preSolution
		Debug|x64 = Debug|x64
		Debug|x86 = Debug|x86
		Release|x64 = Release|x64
		Release|x86 = Release|x86
	EndGlobalSection
	GlobalSection(ProjectConfigurationPlatforms) = postSolution
		{CE602FCD-F96A-48CA-B86E-62CD6CB2947D}.Debug|x64.ActiveCfg = Debug|x64
		{CE602FCD-F96A-48CA-B86E-62CD6CB2947D}.Debug|x64.Build.0 = Debug|x64
		{CE602FCD-F96A-48CA-B86E-62CD6CB2947D}.Debug|x86.ActiveCfg = Debug|Win32
		{CE602FCD-F96A-48CA-B86E-62CD6CB2947D}.Debug|x86.Build.0 = Debug|Win32
		{CE602FCD-F96A-48CA-B86E-62CD6CB2947D}.Release|x64.ActiveCfg = Release|x64
		{CE602FCD-F96A-48CA-B86E-62CD6CB2947D}.Release|x64.Build.0 = Release|x64
		{CE602FCD-F96A-48CA-B86E-62CD6CB2947D}.Release|x86.ActiveCfg = Release|Win32
		{CE602FCD-F96A-48CA-B86E-62CD6CB2947D}.Release|x86.Build.0 = Release|Win32
		{4F4FEE1E-5204-402F-8500-898E06099902}.Debug|x64.ActiveCfg = Debug|x64
		{4F4FEE1E-5204-402F-8500-898E06099902}.Debug|x64.Build.0 = Debug|x64
		{4F4FEE1E-5204-402F-8500-898E06099902}.Debug|x86.ActiveCfg = Debug|Win32
		{4F4FEE1E-5204-402F-8500-898E06099902}.Debug|x86.Build.0 = Debug|Win32
		{4F4FEE1E-5204-402F-8500-898E06099902}.Release|x64.ActiveCfg = Release|x64
		{4F4FEE1E-5204-402F-8500-898E06099902}.Release|x64.Build.0 = Release|x64
		{4F4FEE1E-5204-402F-8500-898E06099902}.Release|x86.ActiveCfg = Release|Win32
		{4F4FEE1E-5204-402F-8500-898E06099902}.Release|x86.Build.0 = Release|Win32
	EndGlobalSection
	GlobalSection(SolutionProperties) = preSolution
		HideSolutionNode = FALSE
	EndGlobalSection
	GlobalSection(ExtensibilityGlobals) = postSolution
		SolutionGuid = {E6B5CB7B-8236-4F8A-B25B-BE731CCED6F8}
	EndGlobalSection
EndGlobal
